
Microsoft Visual Studio Solution File, Format Version 12.00
# Visual Studio Version 17
VisualStudioVersion = 17.10.35122.118
MinimumVisualStudioVersion = 10.0.40219.1
Project("{FAE04EC0-301F-11D3-BF4B-00C04F79EFBC}") = "AllActionFilters", "AllActionFilters\AllActionFilters.csproj", "{EB211738-110E-41DF-8D15-A08C33AF15BE}"
EndProject
Project("{2150E333-8FDC-42A3-9474-1A3956D46DE8}") = "docs", "docs", "{01F1AEB0-97FA-4811-90B7-390DB102FA9C}"
EndProject
Global
	GlobalSection(SolutionConfigurationPlatforms) = preSolution
		Debug|Any CPU = Debug|Any CPU
		Release|Any CPU = Release|Any CPU
	EndGlobalSection
	GlobalSection(ProjectConfigurationPlatforms) = postSolution
		{EB211738-110E-41DF-8D15-A08C33AF15BE}.Debug|Any CPU.ActiveCfg = Debug|Any CPU
		{EB211738-110E-41DF-8D15-A08C33AF15BE}.Debug|Any CPU.Build.0 = Debug|Any CPU
		{EB211738-110E-41DF-8D15-A08C33AF15BE}.Release|Any CPU.ActiveCfg = Release|Any CPU
		{EB211738-110E-41DF-8D15-A08C33AF15BE}.Release|Any CPU.Build.0 = Release|Any CPU
	EndGlobalSection
	GlobalSection(SolutionProperties) = preSolution
		HideSolutionNode = FALSE
	EndGlobalSection
	GlobalSection(ExtensibilityGlobals) = postSolution
		SolutionGuid = {FE03952C-777B-43D2-BC7A-A7012BB4DDBA}
	EndGlobalSection
EndGlobal
